{
  "name": "client",
  "lockfileVersion": 3,
  "requires": true,
  "packages": {
    "": {
      "name": "client",
      "hasInstallScript": true,
      "dependencies": {
        "@nuxt/image": "^1.3.0",
        "@pinia/nuxt": "^0.5.1",
        "pinia": "^2.1.7"
      },
      "devDependencies": {
        "@nuxtjs/tailwindcss": "^6.10.4",
        "@vueuse/core": "^10.7.2",
        "@vueuse/nuxt": "^10.7.2",
        "daisyui": "^4.6.0",
        "naive-ui": "^2.37.3",
        "nuxt": "^3.9.0",
        "tailwindcss": "^3.4.1",
        "vfonts": "^0.0.3",
        "vue": "^3.4.6",
        "vue-router": "^4.2.5"
      }
    },
    "../../node_modules/.pnpm/@nuxtjs+tailwindcss@6.10.4/node_modules/@nuxtjs/tailwindcss": {
      "version": "6.10.4",
      "dev": true,
      "license": "MIT",
      "dependencies": {
        "@nuxt/kit": "^3.9.1",
        "autoprefixer": "^10.4.16",
        "chokidar": "^3.5.3",
        "clear-module": "^4.1.2",
        "colorette": "^2.0.20",
        "consola": "^3.2.3",
        "defu": "^6.1.4",
        "h3": "^1.10.0",
        "micromatch": "^4.0.5",
        "pathe": "^1.1.1",
        "postcss": "^8.4.33",
        "postcss-custom-properties": "^13.3.4",
        "postcss-nesting": "^12.0.2",
        "tailwind-config-viewer": "^1.7.3",
        "tailwindcss": "~3.4.1",
        "ufo": "^1.3.2"
      },
      "devDependencies": {
        "@fontsource/inter": "^5.0.16",
        "@nuxt/content": "^2.10.0",
        "@nuxt/devtools": "^1.0.6",
        "@nuxt/eslint-config": "latest",
        "@nuxt/module-builder": "^0.5.5",
        "@nuxt/test-utils": "^3.9.0",
        "@tailwindcss/typography": "^0.5.10",
        "@types/micromatch": "^4.0.6",
        "changelogen": "^0.5.5",
        "destr": "^2.0.2",
        "eslint": "latest",
        "happy-dom": "^12.10.3",
        "nuxt": "^3.9.1",
        "typescript": "^5.3.3",
        "vitest": "1.1.0"
      }
    },
    "../../node_modules/.pnpm/daisyui@4.6.0_postcss@8.4.33/node_modules/daisyui": {
      "version": "4.6.0",
      "dev": true,
      "license": "MIT",
      "dependencies": {
        "css-selector-tokenizer": "^0.8",
        "culori": "^3",
        "picocolors": "^1",
        "postcss-js": "^4"
      },
      "devDependencies": {
        "autoprefixer": "^10.4.16",
        "commit-and-tag-version": "^12.0.0",
        "postcss-cli": "10.1.0",
        "postcss-import": "15.1.0",
        "prejss-cli": "0.3.3",
        "prettier": "^3.1.0",
        "prettier-plugin-svelte": "^3.1.0",
        "prettier-plugin-tailwindcss": "^0.5.7",
        "tailwindcss": "^3.3.5"
      },
      "engines": {
        "node": ">=16.9.0"
      },
      "funding": {
        "type": "opencollective",
        "url": "https://opencollective.com/daisyui"
      }
    },
    "../../node_modules/.pnpm/registry.npmmirror.com+@nuxt+image@1.3.0/node_modules/@nuxt/image": {
      "version": "1.3.0",
      "license": "MIT",
      "dependencies": {
        "@nuxt/kit": "^3.9.2",
        "consola": "^3.2.3",
        "defu": "^6.1.4",
        "h3": "^1.10.0",
        "image-meta": "^0.2.0",
        "node-fetch-native": "^1.6.1",
        "ohash": "^1.1.3",
        "pathe": "^1.1.2",
        "std-env": "^3.7.0",
        "ufo": "^1.3.2"
      },
      "devDependencies": {
        "@nuxt/image": "link:",
        "@nuxt/module-builder": "0.5.5",
        "@nuxt/test-utils": "^3.9.0",
        "@nuxtjs/eslint-config-typescript": "^12.1.0",
        "@types/node": "^20.11.5",
        "@vitest/coverage-v8": "^1.2.0",
        "@vue/test-utils": "^2.4.3",
        "changelogen": "^0.5.5",
        "eslint": "8.56.0",
        "globby": "^14.0.0",
        "happy-dom": "^13.1.4",
        "ipx": "^3.0.0",
        "jiti": "1.21.0",
        "nuxt": "^3.9.2",
        "playwright-core": "^1.41.0",
        "typescript": "5.3.3",
        "vitest": "^1.2.0",
        "vitest-environment-nuxt": "^1.0.0",
        "vue": "3.4.14",
        "vue-tsc": "^1.8.27"
      },
      "engines": {
        "node": "^14.16.0 || >=16.11.0"
      },
      "optionalDependencies": {
        "ipx": "^3.0.0"
      }
    },
    "../../node_modules/.pnpm/registry.npmmirror.com+@pinia+nuxt@0.5.1_typescript@5.3.3_vue@3.4.10/node_modules/@pinia/nuxt": {
      "version": "0.5.1",
      "license": "MIT",
      "dependencies": {
        "@nuxt/kit": "^3.5.0",
        "pinia": ">=2.1.7"
      },
      "devDependencies": {
        "@nuxt/module-builder": "^0.3.1",
        "@nuxt/schema": "^3.5.0",
        "@nuxt/test-utils": "^3.5.0",
        "nuxt": "^3.5.0",
        "typescript": "^5.0.4",
        "vue-tsc": "^1.6.5"
      },
      "funding": {
        "url": "https://github.com/sponsors/posva"
      }
    },
    "../../node_modules/.pnpm/registry.npmmirror.com+@vueuse+core@10.7.2_vue@3.4.10/node_modules/@vueuse/core": {
      "version": "10.7.2",
      "dev": true,
      "license": "MIT",
      "dependencies": {
        "@types/web-bluetooth": "^0.0.20",
        "@vueuse/metadata": "10.7.2",
        "@vueuse/shared": "10.7.2",
        "vue-demi": ">=0.14.6"
      },
      "funding": {
        "url": "https://github.com/sponsors/antfu"
      }
    },
    "../../node_modules/.pnpm/registry.npmmirror.com+@vueuse+nuxt@10.7.2_nuxt@3.9.3_vue@3.4.10/node_modules/@vueuse/nuxt": {
      "version": "10.7.2",
      "dev": true,
      "license": "MIT",
      "dependencies": {
        "@nuxt/kit": "^3.9.1",
        "@vueuse/core": "10.7.2",
        "@vueuse/metadata": "10.7.2",
        "local-pkg": "^0.5.0",
        "vue-demi": ">=0.14.6"
      },
      "devDependencies": {
        "@nuxt/schema": "^3.9.1",
        "nuxt": "^3.9.1",
        "unimport": "^3.7.1"
      },
      "funding": {
        "url": "https://github.com/sponsors/antfu"
      },
      "peerDependencies": {
        "nuxt": "^3.0.0"
      }
    },
    "../../node_modules/.pnpm/registry.npmmirror.com+naive-ui@2.37.3_vue@3.4.10/node_modules/naive-ui": {
      "version": "2.37.3",
      "dev": true,
      "license": "MIT",
      "dependencies": {
        "@css-render/plugin-bem": "^0.15.12",
        "@css-render/vue3-ssr": "^0.15.12",
        "@types/katex": "^0.16.2",
        "@types/lodash": "^4.14.198",
        "@types/lodash-es": "^4.17.9",
        "async-validator": "^4.2.5",
        "css-render": "^0.15.12",
        "csstype": "^3.1.3",
        "date-fns": "^2.30.0",
        "date-fns-tz": "^2.0.0",
        "evtd": "^0.2.4",
        "highlight.js": "^11.8.0",
        "lodash": "^4.17.21",
        "lodash-es": "^4.17.21",
        "seemly": "^0.3.8",
        "treemate": "^0.3.11",
        "vdirs": "^0.1.8",
        "vooks": "^0.2.12",
        "vueuc": "^0.4.58"
      },
      "devDependencies": {
        "@babel/core": "^7.22.15",
        "@babel/eslint-parser": "^7.22.15",
        "@babel/generator": "^7.22.15",
        "@babel/parser": "^7.22.16",
        "@babel/preset-env": "^7.22.15",
        "@babel/traverse": "^7.22.15",
        "@lylajs/web": "^1.2.2",
        "@rollup/plugin-babel": "^6.0.3",
        "@rollup/plugin-commonjs": "^25.0.4",
        "@rollup/plugin-node-resolve": "^15.2.1",
        "@rollup/plugin-replace": "^5.0.2",
        "@rollup/plugin-terser": "^0.4.3",
        "@types/estree": "^1.0.1",
        "@types/jest": "^29.5.4",
        "@typescript-eslint/eslint-plugin": "^6.6.0",
        "@typescript-eslint/parser": "^6.6.0",
        "@vicons/fluent": "^0.12.0",
        "@vicons/ionicons4": "^0.12.0",
        "@vicons/ionicons5": "^0.12.0",
        "@vitejs/plugin-vue": "^4.3.4",
        "@vue/compiler-sfc": "^3.3.4",
        "@vue/eslint-config-standard": "^8.0.1",
        "@vue/eslint-config-typescript": "^12.0.0",
        "@vue/server-renderer": "~3.3.4",
        "@vue/test-utils": "^2.4.1",
        "autoprefixer": "^10.4.15",
        "babel-jest": "^29.6.4",
        "codesandbox": "^2.2.3",
        "cssnano": "^6.0.1",
        "deepmerge": "^4.3.1",
        "esbuild": "0.19.10",
        "eslint": "^8.48.0",
        "eslint-config-prettier": "^9.0.0",
        "eslint-config-standard": "^17.1.0",
        "eslint-config-standard-with-typescript": "^43.0.0",
        "eslint-plugin-import": "^2.28.1",
        "eslint-plugin-markdown": "^3.0.1",
        "eslint-plugin-n": "^16.0.2",
        "eslint-plugin-node": "^11.1.0",
        "eslint-plugin-promise": "^6.1.1",
        "eslint-plugin-vue": "^9.17.0",
        "express": "^4.18.2",
        "fast-glob": "^3.3.1",
        "fs-extra": "^11.1.1",
        "grapheme-splitter": "^1.0.4",
        "husky": "^8.0.3",
        "inquirer": "^9.2.10",
        "jest": "^29.6.4",
        "jest-canvas-mock": "^2.5.2",
        "jest-environment-jsdom": "^29.6.4",
        "katex": "^0.16.8",
        "lint-staged": "^15.1.0",
        "marked": "^11.0.0",
        "prettier": "^3.0.3",
        "rimraf": "^5.0.1",
        "rollup": "^4.3.0",
        "rollup-plugin-esbuild": "^6.1.0",
        "superagent": "^8.1.2",
        "ts-jest": "^29.1.1",
        "typescript": "5.3.3",
        "vfonts": "^0.0.3",
        "vite": "^5.0.4",
        "vue": "~3.3.4",
        "vue-router": "^4.2.4",
        "vue-tsc": "^1.8.10"
      },
      "peerDependencies": {
        "vue": "^3.0.0"
      }
    },
    "../../node_modules/.pnpm/registry.npmmirror.com+nuxt@3.9.3_@types+node@20.11.0_typescript@5.3.3_vite@5.0.12/node_modules/nuxt": {
      "version": "3.9.3",
      "dev": true,
      "license": "MIT",
      "dependencies": {
        "@nuxt/devalue": "^2.0.2",
        "@nuxt/devtools": "^1.0.8",
        "@nuxt/kit": "3.9.3",
        "@nuxt/schema": "3.9.3",
        "@nuxt/telemetry": "^2.5.3",
        "@nuxt/ui-templates": "^1.3.1",
        "@nuxt/vite-builder": "3.9.3",
        "@unhead/dom": "^1.8.10",
        "@unhead/ssr": "^1.8.10",
        "@unhead/vue": "^1.8.10",
        "@vue/shared": "^3.4.14",
        "acorn": "8.11.3",
        "c12": "^1.6.1",
        "chokidar": "^3.5.3",
        "cookie-es": "^1.0.0",
        "defu": "^6.1.4",
        "destr": "^2.0.2",
        "devalue": "^4.3.2",
        "esbuild": "^0.19.11",
        "escape-string-regexp": "^5.0.0",
        "estree-walker": "^3.0.3",
        "fs-extra": "^11.2.0",
        "globby": "^14.0.0",
        "h3": "^1.10.0",
        "hookable": "^5.5.3",
        "jiti": "^1.21.0",
        "klona": "^2.0.6",
        "knitwork": "^1.0.0",
        "magic-string": "^0.30.5",
        "mlly": "^1.5.0",
        "nitropack": "^2.8.1",
        "nuxi": "^3.10.0",
        "nypm": "^0.3.4",
        "ofetch": "^1.3.3",
        "ohash": "^1.1.3",
        "pathe": "^1.1.2",
        "perfect-debounce": "^1.0.0",
        "pkg-types": "^1.0.3",
        "radix3": "^1.1.0",
        "scule": "^1.2.0",
        "std-env": "^3.7.0",
        "strip-literal": "^2.0.0",
        "ufo": "^1.3.2",
        "ultrahtml": "^1.5.2",
        "uncrypto": "^0.1.3",
        "unctx": "^2.3.1",
        "unenv": "^1.9.0",
        "unimport": "^3.7.1",
        "unplugin": "^1.6.0",
        "unplugin-vue-router": "^0.7.0",
        "untyped": "^1.4.0",
        "vue": "^3.4.14",
        "vue-bundle-renderer": "^2.0.0",
        "vue-devtools-stub": "^0.1.0",
        "vue-router": "^4.2.5"
      },
      "bin": {
        "nuxi": "bin/nuxt.mjs",
        "nuxt": "bin/nuxt.mjs"
      },
      "devDependencies": {
        "@parcel/watcher": "2.4.0",
        "@types/estree": "1.0.5",
        "@types/fs-extra": "11.0.4",
        "@vitejs/plugin-vue": "5.0.3",
        "unbuild": "latest",
        "vite": "5.0.11",
        "vitest": "1.1.1"
      },
      "engines": {
        "node": "^14.18.0 || >=16.10.0"
      },
      "peerDependencies": {
        "@parcel/watcher": "^2.1.0",
        "@types/node": "^14.18.0 || >=16.10.0"
      },
      "peerDependenciesMeta": {
        "@parcel/watcher": {
          "optional": true
        },
        "@types/node": {
          "optional": true
        }
      }
    },
    "../../node_modules/.pnpm/registry.npmmirror.com+pinia@2.1.7_typescript@5.3.3_vue@3.4.10/node_modules/pinia": {
      "version": "2.1.7",
      "license": "MIT",
      "dependencies": {
        "@vue/devtools-api": "^6.5.0",
        "vue-demi": ">=0.14.5"
      },
      "devDependencies": {
        "@microsoft/api-extractor": "7.34.4",
        "@vue/test-utils": "^2.4.0"
      },
      "funding": {
        "url": "https://github.com/sponsors/posva"
      },
      "peerDependencies": {
        "@vue/composition-api": "^1.4.0",
        "typescript": ">=4.4.4",
        "vue": "^2.6.14 || ^3.3.0"
      },
      "peerDependenciesMeta": {
        "@vue/composition-api": {
          "optional": true
        },
        "typescript": {
          "optional": true
        }
      }
    },
    "../../node_modules/.pnpm/tailwindcss@3.4.1/node_modules/tailwindcss": {
      "version": "3.4.1",
      "dev": true,
      "license": "MIT",
      "dependencies": {
        "@alloc/quick-lru": "^5.2.0",
        "arg": "^5.0.2",
        "chokidar": "^3.5.3",
        "didyoumean": "^1.2.2",
        "dlv": "^1.1.3",
        "fast-glob": "^3.3.0",
        "glob-parent": "^6.0.2",
        "is-glob": "^4.0.3",
        "jiti": "^1.19.1",
        "lilconfig": "^2.1.0",
        "micromatch": "^4.0.5",
        "normalize-path": "^3.0.0",
        "object-hash": "^3.0.0",
        "picocolors": "^1.0.0",
        "postcss": "^8.4.23",
        "postcss-import": "^15.1.0",
        "postcss-js": "^4.0.1",
        "postcss-load-config": "^4.0.1",
        "postcss-nested": "^6.0.1",
        "postcss-selector-parser": "^6.0.11",
        "resolve": "^1.22.2",
        "sucrase": "^3.32.0"
      },
      "bin": {
        "tailwind": "lib/cli.js",
        "tailwindcss": "lib/cli.js"
      },
      "devDependencies": {
        "@swc/cli": "^0.1.62",
        "@swc/core": "^1.3.55",
        "@swc/jest": "^0.2.26",
        "@swc/register": "^0.1.10",
        "autoprefixer": "^10.4.14",
        "browserslist": "^4.21.5",
        "concurrently": "^8.0.1",
        "cssnano": "^6.0.0",
        "esbuild": "^0.17.18",
        "eslint": "^8.39.0",
        "eslint-config-prettier": "^8.8.0",
        "eslint-plugin-prettier": "^4.2.1",
        "jest": "^29.6.0",
        "jest-diff": "^29.6.0",
        "lightningcss": "1.18.0",
        "prettier": "^2.8.8",
        "rimraf": "^5.0.0",
        "source-map-js": "^1.0.2",
        "turbo": "^1.9.3"
      },
      "engines": {
        "node": ">=14.0.0"
      }
    },
    "../../node_modules/.pnpm/vue-router@4.2.5_vue@3.4.10/node_modules/vue-router": {
      "version": "4.2.5",
      "dev": true,
      "license": "MIT",
      "dependencies": {
        "@vue/devtools-api": "^6.5.0"
      },
      "devDependencies": {
        "@microsoft/api-extractor": "^7.36.4",
        "@rollup/plugin-alias": "^5.0.0",
        "@rollup/plugin-commonjs": "^25.0.4",
        "@rollup/plugin-node-resolve": "^15.1.0",
        "@rollup/plugin-replace": "^5.0.2",
        "@rollup/plugin-terser": "^0.4.3",
        "@sucrase/jest-plugin": "^3.0.0",
        "@types/jest": "^29.5.3",
        "@types/jsdom": "^21.1.1",
        "@types/nightwatch": "^2.3.25",
        "@vitejs/plugin-vue": "^4.2.3",
        "@vue/compiler-sfc": "^3.3.4",
        "@vue/server-renderer": "^3.3.4",
        "@vue/test-utils": "^2.4.1",
        "browserstack-local": "^1.5.4",
        "chromedriver": "^115.0.1",
        "connect-history-api-fallback": "^1.6.0",
        "conventional-changelog-cli": "^2.1.1",
        "dotenv": "^16.3.1",
        "faked-promise": "^2.2.2",
        "geckodriver": "^3.2.0",
        "jest": "^29.6.2",
        "jest-environment-jsdom": "^29.6.2",
        "jest-mock-warn": "^1.1.0",
        "nightwatch": "^2.6.21",
        "nightwatch-helpers": "^1.2.0",
        "rimraf": "^5.0.1",
        "rollup": "^3.28.0",
        "rollup-plugin-analyzer": "^4.0.0",
        "rollup-plugin-typescript2": "^0.35.0",
        "sucrase": "^3.34.0",
        "typescript": "~5.1.6",
        "vite": "^4.4.9",
        "vue": "^3.3.4"
      },
      "funding": {
        "url": "https://github.com/sponsors/posva"
      },
      "peerDependencies": {
        "vue": "^3.2.0"
      }
    },
    "../../node_modules/.pnpm/vue@3.4.10_typescript@5.3.3/node_modules/vue": {
      "version": "3.4.10",
      "dev": true,
      "license": "MIT",
      "dependencies": {
        "@vue/compiler-dom": "3.4.10",
        "@vue/compiler-sfc": "3.4.10",
        "@vue/runtime-dom": "3.4.10",
        "@vue/server-renderer": "3.4.10",
        "@vue/shared": "3.4.10"
      },
      "peerDependencies": {
        "typescript": "*"
      },
      "peerDependenciesMeta": {
        "typescript": {
          "optional": true
        }
      }
    },
    "node_modules/@nuxt/image": {
      "resolved": "../../node_modules/.pnpm/registry.npmmirror.com+@nuxt+image@1.3.0/node_modules/@nuxt/image",
      "link": true
    },
    "node_modules/@nuxtjs/tailwindcss": {
      "resolved": "../../node_modules/.pnpm/@nuxtjs+tailwindcss@6.10.4/node_modules/@nuxtjs/tailwindcss",
      "link": true
    },
    "node_modules/@pinia/nuxt": {
      "resolved": "../../node_modules/.pnpm/registry.npmmirror.com+@pinia+nuxt@0.5.1_typescript@5.3.3_vue@3.4.10/node_modules/@pinia/nuxt",
      "link": true
    },
    "node_modules/@vueuse/core": {
      "resolved": "../../node_modules/.pnpm/registry.npmmirror.com+@vueuse+core@10.7.2_vue@3.4.10/node_modules/@vueuse/core",
      "link": true
    },
    "node_modules/@vueuse/nuxt": {
      "resolved": "../../node_modules/.pnpm/registry.npmmirror.com+@vueuse+nuxt@10.7.2_nuxt@3.9.3_vue@3.4.10/node_modules/@vueuse/nuxt",
      "link": true
    },
    "node_modules/daisyui": {
      "resolved": "../../node_modules/.pnpm/daisyui@4.6.0_postcss@8.4.33/node_modules/daisyui",
      "link": true
    },
    "node_modules/naive-ui": {
      "resolved": "../../node_modules/.pnpm/registry.npmmirror.com+naive-ui@2.37.3_vue@3.4.10/node_modules/naive-ui",
      "link": true
    },
    "node_modules/nuxt": {
      "resolved": "../../node_modules/.pnpm/registry.npmmirror.com+nuxt@3.9.3_@types+node@20.11.0_typescript@5.3.3_vite@5.0.12/node_modules/nuxt",
      "link": true
    },
    "node_modules/pinia": {
      "resolved": "../../node_modules/.pnpm/registry.npmmirror.com+pinia@2.1.7_typescript@5.3.3_vue@3.4.10/node_modules/pinia",
      "link": true
    },
    "node_modules/tailwindcss": {
      "resolved": "../../node_modules/.pnpm/tailwindcss@3.4.1/node_modules/tailwindcss",
      "link": true
    },
    "node_modules/vfonts": {
      "version": "0.0.3",
      "resolved": "https://registry.npmmirror.com/vfonts/-/vfonts-0.0.3.tgz",
      "integrity": "sha512-nguyw8L6Un8eelg1vQ31vIU2ESxqid7EYmy8V+MDeMaHBqaRSkg3dTBToC1PR00D89UzS/SLkfYPnx0Wf23IQQ==",
      "dev": true
    },
    "node_modules/vue": {
      "resolved": "../../node_modules/.pnpm/vue@3.4.10_typescript@5.3.3/node_modules/vue",
      "link": true
    },
    "node_modules/vue-router": {
      "resolved": "../../node_modules/.pnpm/vue-router@4.2.5_vue@3.4.10/node_modules/vue-router",
      "link": true
    }
  }
}
